{
  "name": "json-rule-engine",
  "version": "1.0.0",
  "lockfileVersion": 1,
  "requires": true,
  "dependencies": {
    "clone": {
      "version": "2.1.2",
      "resolved": "https://registry.npmjs.org/clone/-/clone-2.1.2.tgz",
      "integrity": "sha1-G39Ln1kfHo+DZwQBYANFoCiHQ18="
    },
    "curriable": {
      "version": "1.3.0",
      "resolved": "https://registry.npmjs.org/curriable/-/curriable-1.3.0.tgz",
      "integrity": "sha512-7kfjDPRSF+pguU0TlfSFBMCd8XlmF29ZAiXcq/zaN4LhZvWdvV0Y72AvaWFqInXZG9Yg1kA1UMkpE9lFBKMpQA=="
    },
    "events": {
      "version": "3.1.0",
      "resolved": "https://registry.npmjs.org/events/-/events-3.1.0.tgz",
      "integrity": "sha512-Rv+u8MLHNOdMjTAFeT3nCjHn2aGlx435FP/sDHNaRhDEMwyI/aB22Kj2qIN8R0cw3z28psEQLYwxVKLsKrMgWg=="
    },
    "hash-it": {
      "version": "4.0.5",
      "resolved": "https://registry.npmjs.org/hash-it/-/hash-it-4.0.5.tgz",
      "integrity": "sha512-bVZPdJn9GqaAkmGXcBoWG0MKn99VJYYC1X17UWQUPKFxsUSTYMhzz+RdBzCgtG61iT5IwfunE3NKVFZWkAc/OQ==",
      "requires": {
        "curriable": "^1.1.0"
      }
    },
    "json-rules-engine": {
      "version": "5.0.3",
      "resolved": "https://registry.npmjs.org/json-rules-engine/-/json-rules-engine-5.0.3.tgz",
      "integrity": "sha512-wadOx73UrW8Mm84DPYp52P1nagDOSM3sJcHIW2F5jrWBTwVPNV6Ka9SnO7ndDSbPetmDmfPz24QRsormbohlrQ==",
      "requires": {
        "clone": "^2.1.2",
        "events": "^3.0.0",
        "hash-it": "^4.0.4",
        "jsonpath-plus": "^3.0.0",
        "lodash.isobjectlike": "^4.0.0"
      }
    },
    "jsonpath-plus": {
      "version": "3.0.0",
      "resolved": "https://registry.npmjs.org/jsonpath-plus/-/jsonpath-plus-3.0.0.tgz",
      "integrity": "sha512-WQwgWEBgn+SJU1tlDa/GiY5/ngRpa9yrSj8n4BYPHcwoxTDaMEaYCHMOn42hIHHDd3CrUoRr3+HpsK0hCKoxzA=="
    },
    "lodash.isobjectlike": {
      "version": "4.0.0",
      "resolved": "https://registry.npmjs.org/lodash.isobjectlike/-/lodash.isobjectlike-4.0.0.tgz",
      "integrity": "sha1-dCxfxlrdJ5JNPSQZFoGqmheytg0="
    }
  }
}
